
Microsoft Visual Studio Solution File, Format Version 12.00
Project("{2150E333-8FDC-42A3-9474-1A3956D46DE8}") = "Server", "Server", "{D0B14AE0-A7CD-402F-8096-16CB6C6244E0}"
	ProjectSection(SolutionItems) = preProject
		server\EfcRepositories\EfcRepositories.csproj = server\EfcRepositories\EfcRepositories.csproj
		server\EfcRepositories\EfcPostRepository.cs = server\EfcRepositories\EfcPostRepository.cs
		server\EfcRepositories\EfcUserRepository.cs = server\EfcRepositories\EfcUserRepository.cs
		server\EfcRepositories\EfcCommentRepository.cs = server\EfcRepositories\EfcCommentRepository.cs
		server\EfcRepositories\AppContext.cs = server\EfcRepositories\AppContext.cs
	EndProjectSection
EndProject
Project("{FAE04EC0-301F-11D3-BF4B-00C04F79EFBC}") = "Entities", "Entities\Entities.csproj", "{B1B5AC3B-1E40-46DB-8599-378E0EC32C33}"
EndProject
Project("{FAE04EC0-301F-11D3-BF4B-00C04F79EFBC}") = "RepositoryContracts", "server\RepositoryContracts\RepositoryContracts.csproj", "{9DAB861A-59B1-411A-AD66-7DFB5F6EE73C}"
EndProject
Project("{FAE04EC0-301F-11D3-BF4B-00C04F79EFBC}") = "InMemoryRepositories", "server\InMemoryRepositories\InMemoryRepositories.csproj", "{66763FF1-189D-441B-AE94-8752727FEE1C}"
EndProject
Project("{FAE04EC0-301F-11D3-BF4B-00C04F79EFBC}") = "CLI", "server\CLI\CLI.csproj", "{685573D3-1883-4C42-A1F9-8C62C830F7A0}"
EndProject
Project("{FAE04EC0-301F-11D3-BF4B-00C04F79EFBC}") = "FileRepositories", "server\FileRepositories\FileRepositories.csproj", "{341FE465-588D-4763-AEB2-1B13F76C628F}"
EndProject
Project("{2150E333-8FDC-42A3-9474-1A3956D46DE8}") = "Shared", "Shared", "{2D0E9BFE-D324-4B1E-8EAF-E6E74E76A3D0}"
EndProject
Project("{FAE04EC0-301F-11D3-BF4B-00C04F79EFBC}") = "DTOs", "DTOs\DTOs.csproj", "{9192BB82-A10A-40E9-BD66-A07594BD201C}"
EndProject
Project("{FAE04EC0-301F-11D3-BF4B-00C04F79EFBC}") = "WebApplication1", "server\WebApplication1\WebApplication1.csproj", "{6A02F219-8B2C-4833-90F1-F3087903025A}"
EndProject
Project("{2150E333-8FDC-42A3-9474-1A3956D46DE8}") = "Client", "Client", "{074194CF-3D1D-4ACD-A015-3A0728939028}"
EndProject
Project("{FAE04EC0-301F-11D3-BF4B-00C04F79EFBC}") = "BlazorApp", "BlazorApp\BlazorApp.csproj", "{485B1957-2DB8-404A-ACCC-F5E3CEFC165C}"
EndProject
Global
	GlobalSection(SolutionConfigurationPlatforms) = preSolution
		Debug|Any CPU = Debug|Any CPU
		Release|Any CPU = Release|Any CPU
	EndGlobalSection
	GlobalSection(ProjectConfigurationPlatforms) = postSolution
		{B1B5AC3B-1E40-46DB-8599-378E0EC32C33}.Debug|Any CPU.ActiveCfg = Debug|Any CPU
		{B1B5AC3B-1E40-46DB-8599-378E0EC32C33}.Debug|Any CPU.Build.0 = Debug|Any CPU
		{B1B5AC3B-1E40-46DB-8599-378E0EC32C33}.Release|Any CPU.ActiveCfg = Release|Any CPU
		{B1B5AC3B-1E40-46DB-8599-378E0EC32C33}.Release|Any CPU.Build.0 = Release|Any CPU
		{9DAB861A-59B1-411A-AD66-7DFB5F6EE73C}.Debug|Any CPU.ActiveCfg = Debug|Any CPU
		{9DAB861A-59B1-411A-AD66-7DFB5F6EE73C}.Debug|Any CPU.Build.0 = Debug|Any CPU
		{9DAB861A-59B1-411A-AD66-7DFB5F6EE73C}.Release|Any CPU.ActiveCfg = Release|Any CPU
		{9DAB861A-59B1-411A-AD66-7DFB5F6EE73C}.Release|Any CPU.Build.0 = Release|Any CPU
		{66763FF1-189D-441B-AE94-8752727FEE1C}.Debug|Any CPU.ActiveCfg = Debug|Any CPU
		{66763FF1-189D-441B-AE94-8752727FEE1C}.Debug|Any CPU.Build.0 = Debug|Any CPU
		{66763FF1-189D-441B-AE94-8752727FEE1C}.Release|Any CPU.ActiveCfg = Release|Any CPU
		{66763FF1-189D-441B-AE94-8752727FEE1C}.Release|Any CPU.Build.0 = Release|Any CPU
		{685573D3-1883-4C42-A1F9-8C62C830F7A0}.Debug|Any CPU.ActiveCfg = Debug|Any CPU
		{685573D3-1883-4C42-A1F9-8C62C830F7A0}.Debug|Any CPU.Build.0 = Debug|Any CPU
		{685573D3-1883-4C42-A1F9-8C62C830F7A0}.Release|Any CPU.ActiveCfg = Release|Any CPU
		{685573D3-1883-4C42-A1F9-8C62C830F7A0}.Release|Any CPU.Build.0 = Release|Any CPU
		{341FE465-588D-4763-AEB2-1B13F76C628F}.Debug|Any CPU.ActiveCfg = Debug|Any CPU
		{341FE465-588D-4763-AEB2-1B13F76C628F}.Debug|Any CPU.Build.0 = Debug|Any CPU
		{341FE465-588D-4763-AEB2-1B13F76C628F}.Release|Any CPU.ActiveCfg = Release|Any CPU
		{341FE465-588D-4763-AEB2-1B13F76C628F}.Release|Any CPU.Build.0 = Release|Any CPU
		{9192BB82-A10A-40E9-BD66-A07594BD201C}.Debug|Any CPU.ActiveCfg = Debug|Any CPU
		{9192BB82-A10A-40E9-BD66-A07594BD201C}.Debug|Any CPU.Build.0 = Debug|Any CPU
		{9192BB82-A10A-40E9-BD66-A07594BD201C}.Release|Any CPU.ActiveCfg = Release|Any CPU
		{9192BB82-A10A-40E9-BD66-A07594BD201C}.Release|Any CPU.Build.0 = Release|Any CPU
		{6A02F219-8B2C-4833-90F1-F3087903025A}.Debug|Any CPU.ActiveCfg = Debug|Any CPU
		{6A02F219-8B2C-4833-90F1-F3087903025A}.Debug|Any CPU.Build.0 = Debug|Any CPU
		{6A02F219-8B2C-4833-90F1-F3087903025A}.Release|Any CPU.ActiveCfg = Release|Any CPU
		{6A02F219-8B2C-4833-90F1-F3087903025A}.Release|Any CPU.Build.0 = Release|Any CPU
		{485B1957-2DB8-404A-ACCC-F5E3CEFC165C}.Debug|Any CPU.ActiveCfg = Debug|Any CPU
		{485B1957-2DB8-404A-ACCC-F5E3CEFC165C}.Debug|Any CPU.Build.0 = Debug|Any CPU
		{485B1957-2DB8-404A-ACCC-F5E3CEFC165C}.Release|Any CPU.ActiveCfg = Release|Any CPU
		{485B1957-2DB8-404A-ACCC-F5E3CEFC165C}.Release|Any CPU.Build.0 = Release|Any CPU
	EndGlobalSection
	GlobalSection(NestedProjects) = preSolution
		{9DAB861A-59B1-411A-AD66-7DFB5F6EE73C} = {D0B14AE0-A7CD-402F-8096-16CB6C6244E0}
		{B1B5AC3B-1E40-46DB-8599-378E0EC32C33} = {D0B14AE0-A7CD-402F-8096-16CB6C6244E0}
		{66763FF1-189D-441B-AE94-8752727FEE1C} = {D0B14AE0-A7CD-402F-8096-16CB6C6244E0}
		{685573D3-1883-4C42-A1F9-8C62C830F7A0} = {D0B14AE0-A7CD-402F-8096-16CB6C6244E0}
		{341FE465-588D-4763-AEB2-1B13F76C628F} = {D0B14AE0-A7CD-402F-8096-16CB6C6244E0}
		{9192BB82-A10A-40E9-BD66-A07594BD201C} = {2D0E9BFE-D324-4B1E-8EAF-E6E74E76A3D0}
		{6A02F219-8B2C-4833-90F1-F3087903025A} = {D0B14AE0-A7CD-402F-8096-16CB6C6244E0}
		{485B1957-2DB8-404A-ACCC-F5E3CEFC165C} = {074194CF-3D1D-4ACD-A015-3A0728939028}
	EndGlobalSection
EndGlobal
