
Microsoft Visual Studio Solution File, Format Version 12.00
Project("{2150E333-8FDC-42A3-9474-1A3956D46DE8}") = "Server", "Server", "{D0B14AE0-A7CD-402F-8096-16CB6C6244E0}"
EndProject
Project("{FAE04EC0-301F-11D3-BF4B-00C04F79EFBC}") = "Entities", "Entities\Entities.csproj", "{B1B5AC3B-1E40-46DB-8599-378E0EC32C33}"
EndProject
Project("{FAE04EC0-301F-11D3-BF4B-00C04F79EFBC}") = "RepositoryContracts", "server\RepositoryContracts\RepositoryContracts.csproj", "{9DAB861A-59B1-411A-AD66-7DFB5F6EE73C}"
EndProject
Project("{FAE04EC0-301F-11D3-BF4B-00C04F79EFBC}") = "InMemoryRepositories", "server\InMemoryRepositories\InMemoryRepositories.csproj", "{66763FF1-189D-441B-AE94-8752727FEE1C}"
EndProject
Global
	GlobalSection(SolutionConfigurationPlatforms) = preSolution
		Debug|Any CPU = Debug|Any CPU
		Release|Any CPU = Release|Any CPU
	EndGlobalSection
	GlobalSection(ProjectConfigurationPlatforms) = postSolution
		{B1B5AC3B-1E40-46DB-8599-378E0EC32C33}.Debug|Any CPU.ActiveCfg = Debug|Any CPU
		{B1B5AC3B-1E40-46DB-8599-378E0EC32C33}.Debug|Any CPU.Build.0 = Debug|Any CPU
		{B1B5AC3B-1E40-46DB-8599-378E0EC32C33}.Release|Any CPU.ActiveCfg = Release|Any CPU
		{B1B5AC3B-1E40-46DB-8599-378E0EC32C33}.Release|Any CPU.Build.0 = Release|Any CPU
		{9DAB861A-59B1-411A-AD66-7DFB5F6EE73C}.Debug|Any CPU.ActiveCfg = Debug|Any CPU
		{9DAB861A-59B1-411A-AD66-7DFB5F6EE73C}.Debug|Any CPU.Build.0 = Debug|Any CPU
		{9DAB861A-59B1-411A-AD66-7DFB5F6EE73C}.Release|Any CPU.ActiveCfg = Release|Any CPU
		{9DAB861A-59B1-411A-AD66-7DFB5F6EE73C}.Release|Any CPU.Build.0 = Release|Any CPU
		{66763FF1-189D-441B-AE94-8752727FEE1C}.Debug|Any CPU.ActiveCfg = Debug|Any CPU
		{66763FF1-189D-441B-AE94-8752727FEE1C}.Debug|Any CPU.Build.0 = Debug|Any CPU
		{66763FF1-189D-441B-AE94-8752727FEE1C}.Release|Any CPU.ActiveCfg = Release|Any CPU
		{66763FF1-189D-441B-AE94-8752727FEE1C}.Release|Any CPU.Build.0 = Release|Any CPU
	EndGlobalSection
	GlobalSection(NestedProjects) = preSolution
		{9DAB861A-59B1-411A-AD66-7DFB5F6EE73C} = {D0B14AE0-A7CD-402F-8096-16CB6C6244E0}
		{B1B5AC3B-1E40-46DB-8599-378E0EC32C33} = {D0B14AE0-A7CD-402F-8096-16CB6C6244E0}
		{66763FF1-189D-441B-AE94-8752727FEE1C} = {D0B14AE0-A7CD-402F-8096-16CB6C6244E0}
	EndGlobalSection
EndGlobal
